
Microsoft Visual Studio Solution File, Format Version 12.00
# Visual Studio Version 16
VisualStudioVersion = 16.0.30204.135
MinimumVisualStudioVersion = 15.0.26124.0
Project("{9A19103F-16F7-4668-BE54-9A1E7A4F7556}") = "Alpaki.WebApi", "Alpaki.WebApi\Alpaki.WebApi.csproj", "{519D7BD4-A519-4C8C-92F7-AF6DB03836B8}"
EndProject
Project("{FAE04EC0-301F-11D3-BF4B-00C04F79EFBC}") = "Alpaki.Database", "Alpaki.Database\Alpaki.Database.csproj", "{B4AD9808-5DE4-457B-868D-F179E39ADE7E}"
EndProject
Project("{FAE04EC0-301F-11D3-BF4B-00C04F79EFBC}") = "Alpaki.CrossCutting", "Alpaki.CrossCutting\Alpaki.CrossCutting.csproj", "{F1B4BB79-3628-4C8A-836B-C73B2C67D055}"
EndProject
Global
	GlobalSection(SolutionConfigurationPlatforms) = preSolution
		Debug|Any CPU = Debug|Any CPU
		Debug|x64 = Debug|x64
		Debug|x86 = Debug|x86
		Release|Any CPU = Release|Any CPU
		Release|x64 = Release|x64
		Release|x86 = Release|x86
	EndGlobalSection
	GlobalSection(ProjectConfigurationPlatforms) = postSolution
		{519D7BD4-A519-4C8C-92F7-AF6DB03836B8}.Debug|Any CPU.ActiveCfg = Debug|Any CPU
		{519D7BD4-A519-4C8C-92F7-AF6DB03836B8}.Debug|Any CPU.Build.0 = Debug|Any CPU
		{519D7BD4-A519-4C8C-92F7-AF6DB03836B8}.Debug|x64.ActiveCfg = Debug|Any CPU
		{519D7BD4-A519-4C8C-92F7-AF6DB03836B8}.Debug|x64.Build.0 = Debug|Any CPU
		{519D7BD4-A519-4C8C-92F7-AF6DB03836B8}.Debug|x86.ActiveCfg = Debug|Any CPU
		{519D7BD4-A519-4C8C-92F7-AF6DB03836B8}.Debug|x86.Build.0 = Debug|Any CPU
		{519D7BD4-A519-4C8C-92F7-AF6DB03836B8}.Release|Any CPU.ActiveCfg = Release|Any CPU
		{519D7BD4-A519-4C8C-92F7-AF6DB03836B8}.Release|Any CPU.Build.0 = Release|Any CPU
		{519D7BD4-A519-4C8C-92F7-AF6DB03836B8}.Release|x64.ActiveCfg = Release|Any CPU
		{519D7BD4-A519-4C8C-92F7-AF6DB03836B8}.Release|x64.Build.0 = Release|Any CPU
		{519D7BD4-A519-4C8C-92F7-AF6DB03836B8}.Release|x86.ActiveCfg = Release|Any CPU
		{519D7BD4-A519-4C8C-92F7-AF6DB03836B8}.Release|x86.Build.0 = Release|Any CPU
		{B4AD9808-5DE4-457B-868D-F179E39ADE7E}.Debug|Any CPU.ActiveCfg = Debug|Any CPU
		{B4AD9808-5DE4-457B-868D-F179E39ADE7E}.Debug|Any CPU.Build.0 = Debug|Any CPU
		{B4AD9808-5DE4-457B-868D-F179E39ADE7E}.Debug|x64.ActiveCfg = Debug|Any CPU
		{B4AD9808-5DE4-457B-868D-F179E39ADE7E}.Debug|x64.Build.0 = Debug|Any CPU
		{B4AD9808-5DE4-457B-868D-F179E39ADE7E}.Debug|x86.ActiveCfg = Debug|Any CPU
		{B4AD9808-5DE4-457B-868D-F179E39ADE7E}.Debug|x86.Build.0 = Debug|Any CPU
		{B4AD9808-5DE4-457B-868D-F179E39ADE7E}.Release|Any CPU.ActiveCfg = Release|Any CPU
		{B4AD9808-5DE4-457B-868D-F179E39ADE7E}.Release|Any CPU.Build.0 = Release|Any CPU
		{B4AD9808-5DE4-457B-868D-F179E39ADE7E}.Release|x64.ActiveCfg = Release|Any CPU
		{B4AD9808-5DE4-457B-868D-F179E39ADE7E}.Release|x64.Build.0 = Release|Any CPU
		{B4AD9808-5DE4-457B-868D-F179E39ADE7E}.Release|x86.ActiveCfg = Release|Any CPU
		{B4AD9808-5DE4-457B-868D-F179E39ADE7E}.Release|x86.Build.0 = Release|Any CPU
		{F1B4BB79-3628-4C8A-836B-C73B2C67D055}.Debug|Any CPU.ActiveCfg = Debug|Any CPU
		{F1B4BB79-3628-4C8A-836B-C73B2C67D055}.Debug|Any CPU.Build.0 = Debug|Any CPU
		{F1B4BB79-3628-4C8A-836B-C73B2C67D055}.Debug|x64.ActiveCfg = Debug|Any CPU
		{F1B4BB79-3628-4C8A-836B-C73B2C67D055}.Debug|x64.Build.0 = Debug|Any CPU
		{F1B4BB79-3628-4C8A-836B-C73B2C67D055}.Debug|x86.ActiveCfg = Debug|Any CPU
		{F1B4BB79-3628-4C8A-836B-C73B2C67D055}.Debug|x86.Build.0 = Debug|Any CPU
		{F1B4BB79-3628-4C8A-836B-C73B2C67D055}.Release|Any CPU.ActiveCfg = Release|Any CPU
		{F1B4BB79-3628-4C8A-836B-C73B2C67D055}.Release|Any CPU.Build.0 = Release|Any CPU
		{F1B4BB79-3628-4C8A-836B-C73B2C67D055}.Release|x64.ActiveCfg = Release|Any CPU
		{F1B4BB79-3628-4C8A-836B-C73B2C67D055}.Release|x64.Build.0 = Release|Any CPU
		{F1B4BB79-3628-4C8A-836B-C73B2C67D055}.Release|x86.ActiveCfg = Release|Any CPU
		{F1B4BB79-3628-4C8A-836B-C73B2C67D055}.Release|x86.Build.0 = Release|Any CPU
	EndGlobalSection
	GlobalSection(SolutionProperties) = preSolution
		HideSolutionNode = FALSE
	EndGlobalSection
	GlobalSection(ExtensibilityGlobals) = postSolution
		SolutionGuid = {CF56E54C-11EB-4345-A6CF-D4ECDA5CA4D1}
	EndGlobalSection
EndGlobal
